
Microsoft Visual Studio Solution File, Format Version 12.00
# Visual Studio Version 17
VisualStudioVersion = 17.1.32210.238
MinimumVisualStudioVersion = 10.0.40219.1
Project("{FAE04EC0-301F-11D3-BF4B-00C04F79EFBC}") = "DiamondKata", "DiamondKata\DiamondKata.csproj", "{EDBB1864-1367-47C6-9317-6FAAAA9AE411}"
EndProject
Project("{FAE04EC0-301F-11D3-BF4B-00C04F79EFBC}") = "DiamondKata.Tests", "DiamondKata.Tests\DiamondKata.Tests.csproj", "{C9825BCB-D8A7-44AB-85F6-C100964B24D4}"
EndProject
Global
	GlobalSection(SolutionConfigurationPlatforms) = preSolution
		Debug|Any CPU = Debug|Any CPU
		Release|Any CPU = Release|Any CPU
	EndGlobalSection
	GlobalSection(ProjectConfigurationPlatforms) = postSolution
		{EDBB1864-1367-47C6-9317-6FAAAA9AE411}.Debug|Any CPU.ActiveCfg = Debug|Any CPU
		{EDBB1864-1367-47C6-9317-6FAAAA9AE411}.Debug|Any CPU.Build.0 = Debug|Any CPU
		{EDBB1864-1367-47C6-9317-6FAAAA9AE411}.Release|Any CPU.ActiveCfg = Release|Any CPU
		{EDBB1864-1367-47C6-9317-6FAAAA9AE411}.Release|Any CPU.Build.0 = Release|Any CPU
		{C9825BCB-D8A7-44AB-85F6-C100964B24D4}.Debug|Any CPU.ActiveCfg = Debug|Any CPU
		{C9825BCB-D8A7-44AB-85F6-C100964B24D4}.Debug|Any CPU.Build.0 = Debug|Any CPU
		{C9825BCB-D8A7-44AB-85F6-C100964B24D4}.Release|Any CPU.ActiveCfg = Release|Any CPU
		{C9825BCB-D8A7-44AB-85F6-C100964B24D4}.Release|Any CPU.Build.0 = Release|Any CPU
	EndGlobalSection
	GlobalSection(SolutionProperties) = preSolution
		HideSolutionNode = FALSE
	EndGlobalSection
	GlobalSection(ExtensibilityGlobals) = postSolution
		SolutionGuid = {40D534B4-26DC-4A5D-AC0F-8B9652A51095}
	EndGlobalSection
EndGlobal
